
Microsoft Visual Studio Solution File, Format Version 12.00
# Visual Studio Version 16
VisualStudioVersion = 16.0.31025.194
MinimumVisualStudioVersion = 10.0.40219.1
Project("{FAE04EC0-301F-11D3-BF4B-00C04F79EFBC}") = "IsdemBot", "IsdemBot\IsdemBot.csproj", "{98A0EBFD-3B88-4010-807D-2AF2697838D4}"
EndProject
Global
	GlobalSection(SolutionConfigurationPlatforms) = preSolution
		Debug|Any CPU = Debug|Any CPU
		Release|Any CPU = Release|Any CPU
	EndGlobalSection
	GlobalSection(ProjectConfigurationPlatforms) = postSolution
		{98A0EBFD-3B88-4010-807D-2AF2697838D4}.Debug|Any CPU.ActiveCfg = Debug|Any CPU
		{98A0EBFD-3B88-4010-807D-2AF2697838D4}.Debug|Any CPU.Build.0 = Debug|Any CPU
		{98A0EBFD-3B88-4010-807D-2AF2697838D4}.Release|Any CPU.ActiveCfg = Release|Any CPU
		{98A0EBFD-3B88-4010-807D-2AF2697838D4}.Release|Any CPU.Build.0 = Release|Any CPU
	EndGlobalSection
	GlobalSection(SolutionProperties) = preSolution
		HideSolutionNode = FALSE
	EndGlobalSection
	GlobalSection(ExtensibilityGlobals) = postSolution
		SolutionGuid = {1E4BC147-5732-49E7-B2FB-50C2B65617E5}
	EndGlobalSection
EndGlobal
